
Microsoft Visual Studio Solution File, Format Version 12.00
# Visual Studio Version 16
VisualStudioVersion = 16.0.30413.136
MinimumVisualStudioVersion = 10.0.40219.1
Project("{FAE04EC0-301F-11D3-BF4B-00C04F79EFBC}") = "Veloz_Gary", "Veloz_Gary.csproj", "{DD658645-8224-4890-9330-5C0C96F30CAF}"
EndProject
Project("{FAE04EC0-301F-11D3-BF4B-00C04F79EFBC}") = "bib_productos", "..\bib_productos\bib_productos.csproj", "{21ABC903-2266-4B81-9F34-CEA021D68027}"
EndProject
Global
	GlobalSection(SolutionConfigurationPlatforms) = preSolution
		Debug|Any CPU = Debug|Any CPU
		Release|Any CPU = Release|Any CPU
	EndGlobalSection
	GlobalSection(ProjectConfigurationPlatforms) = postSolution
		{DD658645-8224-4890-9330-5C0C96F30CAF}.Debug|Any CPU.ActiveCfg = Debug|Any CPU
		{DD658645-8224-4890-9330-5C0C96F30CAF}.Debug|Any CPU.Build.0 = Debug|Any CPU
		{DD658645-8224-4890-9330-5C0C96F30CAF}.Release|Any CPU.ActiveCfg = Release|Any CPU
		{DD658645-8224-4890-9330-5C0C96F30CAF}.Release|Any CPU.Build.0 = Release|Any CPU
		{21ABC903-2266-4B81-9F34-CEA021D68027}.Debug|Any CPU.ActiveCfg = Debug|Any CPU
		{21ABC903-2266-4B81-9F34-CEA021D68027}.Debug|Any CPU.Build.0 = Debug|Any CPU
		{21ABC903-2266-4B81-9F34-CEA021D68027}.Release|Any CPU.ActiveCfg = Release|Any CPU
		{21ABC903-2266-4B81-9F34-CEA021D68027}.Release|Any CPU.Build.0 = Release|Any CPU
	EndGlobalSection
	GlobalSection(SolutionProperties) = preSolution
		HideSolutionNode = FALSE
	EndGlobalSection
	GlobalSection(ExtensibilityGlobals) = postSolution
		SolutionGuid = {3C6DBAAB-FA7B-4540-987A-E2A05B35E6C9}
	EndGlobalSection
EndGlobal
